
Microsoft Visual Studio Solution File, Format Version 12.00
# Visual Studio 15
VisualStudioVersion = 15.0.27703.2000
MinimumVisualStudioVersion = 10.0.40219.1
Project("{FAE04EC0-301F-11D3-BF4B-00C04F79EFBC}") = "PaypalIntegration", "PaypalIntegration\PaypalIntegration.csproj", "{75389B48-C085-45B2-B91A-55D7974D7A2E}"
EndProject
Project("{FAE04EC0-301F-11D3-BF4B-00C04F79EFBC}") = "PaypalIntegration.Tests", "PaypalIntegration.Tests\PaypalIntegration.Tests.csproj", "{95729005-EE10-439E-8E0E-F6AE25C6F7FE}"
EndProject
Project("{00D1A9C2-B5F0-4AF3-8072-F6C62B433612}") = "PaypalIntegration.DB", "PaypalIntegration.DB\PaypalIntegration.DB.sqlproj", "{31D3620E-0815-4872-99D2-38A17100C1C5}"
EndProject
Global
	GlobalSection(SolutionConfigurationPlatforms) = preSolution
		Debug|Any CPU = Debug|Any CPU
		Release|Any CPU = Release|Any CPU
	EndGlobalSection
	GlobalSection(ProjectConfigurationPlatforms) = postSolution
		{75389B48-C085-45B2-B91A-55D7974D7A2E}.Debug|Any CPU.ActiveCfg = Debug|Any CPU
		{75389B48-C085-45B2-B91A-55D7974D7A2E}.Debug|Any CPU.Build.0 = Debug|Any CPU
		{75389B48-C085-45B2-B91A-55D7974D7A2E}.Release|Any CPU.ActiveCfg = Release|Any CPU
		{75389B48-C085-45B2-B91A-55D7974D7A2E}.Release|Any CPU.Build.0 = Release|Any CPU
		{95729005-EE10-439E-8E0E-F6AE25C6F7FE}.Debug|Any CPU.ActiveCfg = Debug|Any CPU
		{95729005-EE10-439E-8E0E-F6AE25C6F7FE}.Debug|Any CPU.Build.0 = Debug|Any CPU
		{95729005-EE10-439E-8E0E-F6AE25C6F7FE}.Release|Any CPU.ActiveCfg = Release|Any CPU
		{95729005-EE10-439E-8E0E-F6AE25C6F7FE}.Release|Any CPU.Build.0 = Release|Any CPU
		{31D3620E-0815-4872-99D2-38A17100C1C5}.Debug|Any CPU.ActiveCfg = Debug|Any CPU
		{31D3620E-0815-4872-99D2-38A17100C1C5}.Debug|Any CPU.Build.0 = Debug|Any CPU
		{31D3620E-0815-4872-99D2-38A17100C1C5}.Debug|Any CPU.Deploy.0 = Debug|Any CPU
		{31D3620E-0815-4872-99D2-38A17100C1C5}.Release|Any CPU.ActiveCfg = Release|Any CPU
		{31D3620E-0815-4872-99D2-38A17100C1C5}.Release|Any CPU.Build.0 = Release|Any CPU
		{31D3620E-0815-4872-99D2-38A17100C1C5}.Release|Any CPU.Deploy.0 = Release|Any CPU
	EndGlobalSection
	GlobalSection(SolutionProperties) = preSolution
		HideSolutionNode = FALSE
	EndGlobalSection
	GlobalSection(ExtensibilityGlobals) = postSolution
		SolutionGuid = {799823E4-5A00-41C1-9A31-7045F61155EB}
	EndGlobalSection
EndGlobal
